PODS:
  - AlecrimCoreData (5.0)
  - AsyncSwift (2.0.1)
  - ChameleonFramework/Default (2.1.0)
  - ChameleonFramework/Swift (2.1.0):
    - ChameleonFramework/Default
  - IQKeyboardManagerSwift (4.0.10)
  - PopupDialog (0.5.4)
  - SwiftyPickerPopover (4.0.1)
  - SwipeCellKit (1.8.0)

DEPENDENCIES:
  - AlecrimCoreData (~> 5.0)
  - AsyncSwift
  - ChameleonFramework/Swift (from `https://github.com/ViccAlexander/Chameleon.git`)
  - IQKeyboardManagerSwift
  - PopupDialog (~> 0.5)
  - SwiftyPickerPopover
  - SwipeCellKit (from `https://github.com/jerkoch/SwipeCellKit.git`, branch `develop`)

EXTERNAL SOURCES:
  ChameleonFramework:
    :git: https://github.com/ViccAlexander/Chameleon.git
  SwipeCellKit:
    :branch: develop
    :git: https://github.com/jerkoch/SwipeCellKit.git

CHECKOUT OPTIONS:
  ChameleonFramework:
    :commit: acc480fbe023c6e5fe40f68593f4a70a8c4c7ad5
    :git: https://github.com/ViccAlexander/Chameleon.git
  SwipeCellKit:
    :commit: 73ff931fb2cf543b5511648f437e9a79ec4b4ae5
    :git: https://github.com/jerkoch/SwipeCellKit.git

SPEC CHECKSUMS:
  AlecrimCoreData: f1251de3630f4d4d3a212e405298084c229cef29
  AsyncSwift: 632138e42ead868b53c745fcde9bf733ce1527ad
  ChameleonFramework: d21a3cc247abfe5e37609a283a8238b03575cf64
  IQKeyboardManagerSwift: 75ba21a23794a1e6b6fe6d9a267ea17f80e06771
  PopupDialog: 75cf955693590b0cb2fdde00223fb65d99c57247
  SwiftyPickerPopover: 0c86bf20937763b2059f031b5ca332f8823aa610
  SwipeCellKit: 048e2035809b7a4bc71b86bcb76c7b85d28d6620

PODFILE CHECKSUM: e6f7dcf9c87dbf84cd5cad5ae06d2296ea31f409

COCOAPODS: 1.1.1
