PODS:
  - AlecrimCoreData (5.0)
  - AsyncSwift (2.0.1)
  - ChameleonFramework/Default (2.1.0)
  - ChameleonFramework/Swift (2.1.0):
    - ChameleonFramework/Default
  - IQKeyboardManagerSwift (4.0.10)
  - PopupDialog (0.5.4)
  - SwiftyPickerPopover (4.0.1)

DEPENDENCIES:
  - AlecrimCoreData (~> 5.0)
  - AsyncSwift
  - ChameleonFramework/Swift (from `https://github.com/ViccAlexander/Chameleon.git`)
  - IQKeyboardManagerSwift
  - PopupDialog (~> 0.5)
  - SwiftyPickerPopover

EXTERNAL SOURCES:
  ChameleonFramework:
    :git: https://github.com/ViccAlexander/Chameleon.git

CHECKOUT OPTIONS:
  ChameleonFramework:
    :commit: acc480fbe023c6e5fe40f68593f4a70a8c4c7ad5
    :git: https://github.com/ViccAlexander/Chameleon.git

SPEC CHECKSUMS:
  AlecrimCoreData: f1251de3630f4d4d3a212e405298084c229cef29
  AsyncSwift: 632138e42ead868b53c745fcde9bf733ce1527ad
  ChameleonFramework: d21a3cc247abfe5e37609a283a8238b03575cf64
  IQKeyboardManagerSwift: 75ba21a23794a1e6b6fe6d9a267ea17f80e06771
  PopupDialog: 75cf955693590b0cb2fdde00223fb65d99c57247
  SwiftyPickerPopover: 0c86bf20937763b2059f031b5ca332f8823aa610

PODFILE CHECKSUM: f66a1b65b331e0df2a38591b8e7680163d8b1f53

COCOAPODS: 1.1.1
