// !$*UTF8*$!
{
	archiveVersion = 1;
	classes = {
	};
	objectVersion = 46;
	objects = {

/* Begin PBXBuildFile section */
		300FC4D91EE37E0F00D93A6D /* AppDelegate.swift in Sources */ = {isa = PBXBuildFile; fileRef = 300FC4D81EE37E0F00D93A6D /* AppDelegate.swift */; };
		300FC4DE1EE37E0F00D93A6D /* Main.storyboard in Resources */ = {isa = PBXBuildFile; fileRef = 300FC4DC1EE37E0F00D93A6D /* Main.storyboard */; };
		300FC4E01EE37E0F00D93A6D /* Assets.xcassets in Resources */ = {isa = PBXBuildFile; fileRef = 300FC4DF1EE37E0F00D93A6D /* Assets.xcassets */; };
		300FC4E31EE37E0F00D93A6D /* LaunchScreen.storyboard in Resources */ = {isa = PBXBuildFile; fileRef = 300FC4E11EE37E0F00D93A6D /* LaunchScreen.storyboard */; };
		300FC4EE1EE37E0F00D93A6D /* MyMedsPlan_iPhoneTests.swift in Sources */ = {isa = PBXBuildFile; fileRef = 300FC4ED1EE37E0F00D93A6D /* MyMedsPlan_iPhoneTests.swift */; };
		300FC4F91EE37E0F00D93A6D /* MyMedsPlan_iPhoneUITests.swift in Sources */ = {isa = PBXBuildFile; fileRef = 300FC4F81EE37E0F00D93A6D /* MyMedsPlan_iPhoneUITests.swift */; };
		3015397E1F4C9B91007F4EC9 /* CustomCell.swift in Sources */ = {isa = PBXBuildFile; fileRef = 3015397D1F4C9B91007F4EC9 /* CustomCell.swift */; };
		301539811F4C9C66007F4EC9 /* CalendarViewController.swift in Sources */ = {isa = PBXBuildFile; fileRef = 301539801F4C9C66007F4EC9 /* CalendarViewController.swift */; };
		301BF1E91F173227001E7E40 /* Localizable.strings in Resources */ = {isa = PBXBuildFile; fileRef = 301BF1EB1F173227001E7E40 /* Localizable.strings */; };
		30891EC71EE9E24300E84F93 /* MMPDateUtils.swift in Sources */ = {isa = PBXBuildFile; fileRef = 30891EC61EE9E24300E84F93 /* MMPDateUtils.swift */; };
		30891ECA1EEA248D00E84F93 /* MedicinePlanViewController.swift in Sources */ = {isa = PBXBuildFile; fileRef = 30891EC91EEA248D00E84F93 /* MedicinePlanViewController.swift */; };
		308D94BD1EEB745D00929C7C /* Event+AlecrimCoreDataAttributes.swift in Sources */ = {isa = PBXBuildFile; fileRef = 308D94BB1EEB745D00929C7C /* Event+AlecrimCoreDataAttributes.swift */; };
		308D94BE1EEB745D00929C7C /* Event+CoreDataClass.swift in Sources */ = {isa = PBXBuildFile; fileRef = 308D94BC1EEB745D00929C7C /* Event+CoreDataClass.swift */; };
		308D94C31EEB746800929C7C /* Entity+AlecrimCoreDataAttributes.swift in Sources */ = {isa = PBXBuildFile; fileRef = 308D94BF1EEB746800929C7C /* Entity+AlecrimCoreDataAttributes.swift */; };
		308D94C41EEB746800929C7C /* Entity+CoreDataClass.swift in Sources */ = {isa = PBXBuildFile; fileRef = 308D94C01EEB746800929C7C /* Entity+CoreDataClass.swift */; };
		308D94C51EEB746800929C7C /* Entity+CoreDataProperties.swift in Sources */ = {isa = PBXBuildFile; fileRef = 308D94C11EEB746800929C7C /* Entity+CoreDataProperties.swift */; };
		308D94C61EEB746800929C7C /* Event+CoreDataProperties.swift in Sources */ = {isa = PBXBuildFile; fileRef = 308D94C21EEB746800929C7C /* Event+CoreDataProperties.swift */; };
		308D94C91EF0712600929C7C /* MMPManager.swift in Sources */ = {isa = PBXBuildFile; fileRef = 308D94C81EF0712600929C7C /* MMPManager.swift */; };
		308D94CB1EF1B58000929C7C /* MMPNotificationCenter.swift in Sources */ = {isa = PBXBuildFile; fileRef = 308D94CA1EF1B58000929C7C /* MMPNotificationCenter.swift */; };
		30BE9ED81EE78BAE00808FDB /* CountdownLabel.swift in Sources */ = {isa = PBXBuildFile; fileRef = 30BE9ED61EE78BAE00808FDB /* CountdownLabel.swift */; };
		30BE9ED91EE78BAE00808FDB /* Info.plist in Resources */ = {isa = PBXBuildFile; fileRef = 30BE9ED71EE78BAE00808FDB /* Info.plist */; };
		30BE9EE81EE78BC100808FDB /* LTCharacterDiffResult.swift in Sources */ = {isa = PBXBuildFile; fileRef = 30BE9EDA1EE78BC100808FDB /* LTCharacterDiffResult.swift */; };
		30BE9EE91EE78BC100808FDB /* LTCharacterLimbo.swift in Sources */ = {isa = PBXBuildFile; fileRef = 30BE9EDB1EE78BC100808FDB /* LTCharacterLimbo.swift */; };
		30BE9EEA1EE78BC100808FDB /* LTEasing.swift in Sources */ = {isa = PBXBuildFile; fileRef = 30BE9EDC1EE78BC100808FDB /* LTEasing.swift */; };
		30BE9EEB1EE78BC100808FDB /* LTEmitterView.swift in Sources */ = {isa = PBXBuildFile; fileRef = 30BE9EDD1EE78BC100808FDB /* LTEmitterView.swift */; };
		30BE9EEC1EE78BC100808FDB /* LTMorphingEffect.swift in Sources */ = {isa = PBXBuildFile; fileRef = 30BE9EDE1EE78BC100808FDB /* LTMorphingEffect.swift */; };
		30BE9EED1EE78BC100808FDB /* LTMorphingLabel.swift in Sources */ = {isa = PBXBuildFile; fileRef = 30BE9EE01EE78BC100808FDB /* LTMorphingLabel.swift */; };
		30BE9EEE1EE78BC100808FDB /* LTMorphingLabel+Anvil.swift in Sources */ = {isa = PBXBuildFile; fileRef = 30BE9EE11EE78BC100808FDB /* LTMorphingLabel+Anvil.swift */; };
		30BE9EEF1EE78BC100808FDB /* LTMorphingLabel+Burn.swift in Sources */ = {isa = PBXBuildFile; fileRef = 30BE9EE21EE78BC100808FDB /* LTMorphingLabel+Burn.swift */; };
		30BE9EF01EE78BC100808FDB /* LTMorphingLabel+Evaporate.swift in Sources */ = {isa = PBXBuildFile; fileRef = 30BE9EE31EE78BC100808FDB /* LTMorphingLabel+Evaporate.swift */; };
		30BE9EF11EE78BC100808FDB /* LTMorphingLabel+Fall.swift in Sources */ = {isa = PBXBuildFile; fileRef = 30BE9EE41EE78BC100808FDB /* LTMorphingLabel+Fall.swift */; };
		30BE9EF21EE78BC100808FDB /* LTMorphingLabel+Pixelate.swift in Sources */ = {isa = PBXBuildFile; fileRef = 30BE9EE51EE78BC100808FDB /* LTMorphingLabel+Pixelate.swift */; };
		30BE9EF31EE78BC100808FDB /* LTMorphingLabel+Sparkle.swift in Sources */ = {isa = PBXBuildFile; fileRef = 30BE9EE61EE78BC100808FDB /* LTMorphingLabel+Sparkle.swift */; };
		30BE9EF41EE78BC100808FDB /* LTStringDiffResult.swift in Sources */ = {isa = PBXBuildFile; fileRef = 30BE9EE71EE78BC100808FDB /* LTStringDiffResult.swift */; };
		30BE9EFA1EE78BD900808FDB /* Fire.png in Resources */ = {isa = PBXBuildFile; fileRef = 30BE9EF61EE78BD900808FDB /* Fire.png */; };
		30BE9EFB1EE78BD900808FDB /* Fragment.png in Resources */ = {isa = PBXBuildFile; fileRef = 30BE9EF71EE78BD900808FDB /* Fragment.png */; };
		30BE9EFC1EE78BD900808FDB /* Smoke.png in Resources */ = {isa = PBXBuildFile; fileRef = 30BE9EF81EE78BD900808FDB /* Smoke.png */; };
		30BE9EFD1EE78BD900808FDB /* Sparkle.png in Resources */ = {isa = PBXBuildFile; fileRef = 30BE9EF91EE78BD900808FDB /* Sparkle.png */; };
		30F7A2741EE4ED43002A0981 /* MyMedsPlanModel.xcdatamodeld in Sources */ = {isa = PBXBuildFile; fileRef = 30F7A2721EE4ED43002A0981 /* MyMedsPlanModel.xcdatamodeld */; };
		30F7A2791EE4F02E002A0981 /* Plan+AlecrimCoreDataAttributes.swift in Sources */ = {isa = PBXBuildFile; fileRef = 30F7A2761EE4F02E002A0981 /* Plan+AlecrimCoreDataAttributes.swift */; };
		30F7A27A1EE4F02E002A0981 /* Plan+CoreDataClass.swift in Sources */ = {isa = PBXBuildFile; fileRef = 30F7A2771EE4F02E002A0981 /* Plan+CoreDataClass.swift */; };
		30F7A27B1EE4F02E002A0981 /* Plan+CoreDataProperties.swift in Sources */ = {isa = PBXBuildFile; fileRef = 30F7A2781EE4F02E002A0981 /* Plan+CoreDataProperties.swift */; };
		30F7A2821EE4FF86002A0981 /* Nunito-Bold.ttf in Resources */ = {isa = PBXBuildFile; fileRef = 30F7A27E1EE4FF86002A0981 /* Nunito-Bold.ttf */; };
		30F7A2831EE4FF86002A0981 /* Nunito-Italic.ttf in Resources */ = {isa = PBXBuildFile; fileRef = 30F7A27F1EE4FF86002A0981 /* Nunito-Italic.ttf */; };
		30F7A2841EE4FF86002A0981 /* Nunito-Light.ttf in Resources */ = {isa = PBXBuildFile; fileRef = 30F7A2801EE4FF86002A0981 /* Nunito-Light.ttf */; };
		30F7A2851EE4FF86002A0981 /* Nunito-Regular.ttf in Resources */ = {isa = PBXBuildFile; fileRef = 30F7A2811EE4FF86002A0981 /* Nunito-Regular.ttf */; };
		30F7A2891EE50EE5002A0981 /* MainViewController.swift in Sources */ = {isa = PBXBuildFile; fileRef = 30F7A2881EE50EE5002A0981 /* MainViewController.swift */; };
		30F7A28B1EE50F0E002A0981 /* AddMedicineViewController.swift in Sources */ = {isa = PBXBuildFile; fileRef = 30F7A28A1EE50F0E002A0981 /* AddMedicineViewController.swift */; };
		30F7A28E1EE51555002A0981 /* UIColor+ColorAdditions.swift in Sources */ = {isa = PBXBuildFile; fileRef = 30F7A28D1EE51555002A0981 /* UIColor+ColorAdditions.swift */; };
		30F7A2901EE51614002A0981 /* MMPButton.swift in Sources */ = {isa = PBXBuildFile; fileRef = 30F7A28F1EE51614002A0981 /* MMPButton.swift */; };
		30F7A2921EE51AD5002A0981 /* MMPRoundedCornersView.swift in Sources */ = {isa = PBXBuildFile; fileRef = 30F7A2911EE51AD5002A0981 /* MMPRoundedCornersView.swift */; };
		30F7A2941EE63776002A0981 /* MMPUtils.swift in Sources */ = {isa = PBXBuildFile; fileRef = 30F7A2931EE63776002A0981 /* MMPUtils.swift */; };
		30F7A2971EE653AD002A0981 /* MMPMainTableViewCell.swift in Sources */ = {isa = PBXBuildFile; fileRef = 30F7A2951EE653AD002A0981 /* MMPMainTableViewCell.swift */; };
		30F7A2981EE653AD002A0981 /* MMPMainTableViewCell.xib in Resources */ = {isa = PBXBuildFile; fileRef = 30F7A2961EE653AD002A0981 /* MMPMainTableViewCell.xib */; };
		30FC17C01F514691009A9117 /* MMPCalendarTableViewCell.swift in Sources */ = {isa = PBXBuildFile; fileRef = 30FC17BE1F514691009A9117 /* MMPCalendarTableViewCell.swift */; };
		30FC17C11F514691009A9117 /* MMPCalendarTableViewCell.xib in Resources */ = {isa = PBXBuildFile; fileRef = 30FC17BF1F514691009A9117 /* MMPCalendarTableViewCell.xib */; };
		30FC17C31F533229009A9117 /* MMPCalendarDate.swift in Sources */ = {isa = PBXBuildFile; fileRef = 30FC17C21F533229009A9117 /* MMPCalendarDate.swift */; };
		9EBAE816D85427AD62911D39 /* Pods_MyMedsPlan_iPhoneTests.framework in Frameworks */ = {isa = PBXBuildFile; fileRef = FA1620978D6E5A562D554594 /* Pods_MyMedsPlan_iPhoneTests.framework */; };
		CF2FAED1C50892FB9A017BCC /* Pods_MyMedsPlan_iPhoneUITests.framework in Frameworks */ = {isa = PBXBuildFile; fileRef = D9FAEA0F98FB3E690A48459D /* Pods_MyMedsPlan_iPhoneUITests.framework */; };
		D76969B110A59842FC9AA4FD /* Pods_MyMedsPlan_iPhone.framework in Frameworks */ = {isa = PBXBuildFile; fileRef = 9B6F5FF7931858701EA87048 /* Pods_MyMedsPlan_iPhone.framework */; };
/* End PBXBuildFile section */

/* Begin PBXContainerItemProxy section */
		300FC4EA1EE37E0F00D93A6D /* PBXContainerItemProxy */ = {
			isa = PBXContainerItemProxy;
			containerPortal = 300FC4CD1EE37E0F00D93A6D /* Project object */;
			proxyType = 1;
			remoteGlobalIDString = 300FC4D41EE37E0F00D93A6D;
			remoteInfo = "MyMedsPlan-iPhone";
		};
		300FC4F51EE37E0F00D93A6D /* PBXContainerItemProxy */ = {
			isa = PBXContainerItemProxy;
			containerPortal = 300FC4CD1EE37E0F00D93A6D /* Project object */;
			proxyType = 1;
			remoteGlobalIDString = 300FC4D41EE37E0F00D93A6D;
			remoteInfo = "MyMedsPlan-iPhone";
		};
/* End PBXContainerItemProxy section */

/* Begin PBXFileReference section */
		2106C14FB7F799C309D03F56 /* Pods-MyMedsPlan-iPhoneTests.debug.xcconfig */ = {isa = PBXFileReference; includeInIndex = 1; lastKnownFileType = text.xcconfig; name = "Pods-MyMedsPlan-iPhoneTests.debug.xcconfig"; path = "Pods/Target Support Files/Pods-MyMedsPlan-iPhoneTests/Pods-MyMedsPlan-iPhoneTests.debug.xcconfig"; sourceTree = "<group>"; };
		26C1F5D58F4BECDF51863822 /* Pods-MyMedsPlan-iPhone.debug.xcconfig */ = {isa = PBXFileReference; includeInIndex = 1; lastKnownFileType = text.xcconfig; name = "Pods-MyMedsPlan-iPhone.debug.xcconfig"; path = "Pods/Target Support Files/Pods-MyMedsPlan-iPhone/Pods-MyMedsPlan-iPhone.debug.xcconfig"; sourceTree = "<group>"; };
		300FC4D51EE37E0F00D93A6D /* My Meds Plan.app */ = {isa = PBXFileReference; explicitFileType = wrapper.application; includeInIndex = 0; path = "My Meds Plan.app"; sourceTree = BUILT_PRODUCTS_DIR; };
		300FC4D81EE37E0F00D93A6D /* AppDelegate.swift */ = {isa = PBXFileReference; lastKnownFileType = sourcecode.swift; path = AppDelegate.swift; sourceTree = "<group>"; };
		300FC4DD1EE37E0F00D93A6D /* Base */ = {isa = PBXFileReference; lastKnownFileType = file.storyboard; name = Base; path = Base.lproj/Main.storyboard; sourceTree = "<group>"; };
		300FC4DF1EE37E0F00D93A6D /* Assets.xcassets */ = {isa = PBXFileReference; lastKnownFileType = folder.assetcatalog; path = Assets.xcassets; sourceTree = "<group>"; };
		300FC4E21EE37E0F00D93A6D /* Base */ = {isa = PBXFileReference; lastKnownFileType = file.storyboard; name = Base; path = Base.lproj/LaunchScreen.storyboard; sourceTree = "<group>"; };
		300FC4E41EE37E0F00D93A6D /* Info.plist */ = {isa = PBXFileReference; lastKnownFileType = text.plist.xml; path = Info.plist; sourceTree = "<group>"; };
		300FC4E91EE37E0F00D93A6D /* MyMedsPlan-iPhoneTests.xctest */ = {isa = PBXFileReference; explicitFileType = wrapper.cfbundle; includeInIndex = 0; path = "MyMedsPlan-iPhoneTests.xctest"; sourceTree = BUILT_PRODUCTS_DIR; };
		300FC4ED1EE37E0F00D93A6D /* MyMedsPlan_iPhoneTests.swift */ = {isa = PBXFileReference; lastKnownFileType = sourcecode.swift; path = MyMedsPlan_iPhoneTests.swift; sourceTree = "<group>"; };
		300FC4EF1EE37E0F00D93A6D /* Info.plist */ = {isa = PBXFileReference; lastKnownFileType = text.plist.xml; path = Info.plist; sourceTree = "<group>"; };
		300FC4F41EE37E0F00D93A6D /* MyMedsPlan-iPhoneUITests.xctest */ = {isa = PBXFileReference; explicitFileType = wrapper.cfbundle; includeInIndex = 0; path = "MyMedsPlan-iPhoneUITests.xctest"; sourceTree = BUILT_PRODUCTS_DIR; };
		300FC4F81EE37E0F00D93A6D /* MyMedsPlan_iPhoneUITests.swift */ = {isa = PBXFileReference; lastKnownFileType = sourcecode.swift; path = MyMedsPlan_iPhoneUITests.swift; sourceTree = "<group>"; };
		300FC4FA1EE37E0F00D93A6D /* Info.plist */ = {isa = PBXFileReference; lastKnownFileType = text.plist.xml; path = Info.plist; sourceTree = "<group>"; };
		3015397D1F4C9B91007F4EC9 /* CustomCell.swift */ = {isa = PBXFileReference; fileEncoding = 4; lastKnownFileType = sourcecode.swift; path = CustomCell.swift; sourceTree = "<group>"; };
		301539801F4C9C66007F4EC9 /* CalendarViewController.swift */ = {isa = PBXFileReference; fileEncoding = 4; lastKnownFileType = sourcecode.swift; path = CalendarViewController.swift; sourceTree = "<group>"; };
		301AC7B21F1EE519007D8007 /* es-MX */ = {isa = PBXFileReference; lastKnownFileType = text.plist.strings; name = "es-MX"; path = "es-MX.lproj/Main.strings"; sourceTree = "<group>"; };
		301AC7B31F1EF07C007D8007 /* MyMedsPlanModel-B7.xcdatamodel */ = {isa = PBXFileReference; lastKnownFileType = wrapper.xcdatamodel; path = "MyMedsPlanModel-B7.xcdatamodel"; sourceTree = "<group>"; };
		301BF1E61F1731EC001E7E40 /* es-MX */ = {isa = PBXFileReference; lastKnownFileType = text.plist.strings; name = "es-MX"; path = "es-MX.lproj/LaunchScreen.strings"; sourceTree = "<group>"; };
		301BF1EA1F173227001E7E40 /* en */ = {isa = PBXFileReference; lastKnownFileType = text.plist.strings; name = en; path = en.lproj/Localizable.strings; sourceTree = "<group>"; };
		301BF1EC1F173233001E7E40 /* es-MX */ = {isa = PBXFileReference; lastKnownFileType = text.plist.strings; name = "es-MX"; path = "es-MX.lproj/Localizable.strings"; sourceTree = "<group>"; };
		301BF1ED1F1735A5001E7E40 /* MyMedsPlanModel-B6.xcdatamodel */ = {isa = PBXFileReference; lastKnownFileType = wrapper.xcdatamodel; path = "MyMedsPlanModel-B6.xcdatamodel"; sourceTree = "<group>"; };
		30891EC61EE9E24300E84F93 /* MMPDateUtils.swift */ = {isa = PBXFileReference; fileEncoding = 4; lastKnownFileType = sourcecode.swift; path = MMPDateUtils.swift; sourceTree = "<group>"; };
		30891EC91EEA248D00E84F93 /* MedicinePlanViewController.swift */ = {isa = PBXFileReference; fileEncoding = 4; lastKnownFileType = sourcecode.swift; path = MedicinePlanViewController.swift; sourceTree = "<group>"; };
		308D94BB1EEB745D00929C7C /* Event+AlecrimCoreDataAttributes.swift */ = {isa = PBXFileReference; fileEncoding = 4; lastKnownFileType = sourcecode.swift; name = "Event+AlecrimCoreDataAttributes.swift"; path = "Model/Event+AlecrimCoreDataAttributes.swift"; sourceTree = "<group>"; };
		308D94BC1EEB745D00929C7C /* Event+CoreDataClass.swift */ = {isa = PBXFileReference; fileEncoding = 4; lastKnownFileType = sourcecode.swift; name = "Event+CoreDataClass.swift"; path = "Model/Event+CoreDataClass.swift"; sourceTree = "<group>"; };
		308D94BF1EEB746800929C7C /* Entity+AlecrimCoreDataAttributes.swift */ = {isa = PBXFileReference; fileEncoding = 4; lastKnownFileType = sourcecode.swift; name = "Entity+AlecrimCoreDataAttributes.swift"; path = "Model/Entity+AlecrimCoreDataAttributes.swift"; sourceTree = "<group>"; };
		308D94C01EEB746800929C7C /* Entity+CoreDataClass.swift */ = {isa = PBXFileReference; fileEncoding = 4; lastKnownFileType = sourcecode.swift; name = "Entity+CoreDataClass.swift"; path = "Model/Entity+CoreDataClass.swift"; sourceTree = "<group>"; };
		308D94C11EEB746800929C7C /* Entity+CoreDataProperties.swift */ = {isa = PBXFileReference; fileEncoding = 4; lastKnownFileType = sourcecode.swift; name = "Entity+CoreDataProperties.swift"; path = "Model/Entity+CoreDataProperties.swift"; sourceTree = "<group>"; };
		308D94C21EEB746800929C7C /* Event+CoreDataProperties.swift */ = {isa = PBXFileReference; fileEncoding = 4; lastKnownFileType = sourcecode.swift; name = "Event+CoreDataProperties.swift"; path = "Model/Event+CoreDataProperties.swift"; sourceTree = "<group>"; };
		308D94C81EF0712600929C7C /* MMPManager.swift */ = {isa = PBXFileReference; fileEncoding = 4; lastKnownFileType = sourcecode.swift; path = MMPManager.swift; sourceTree = "<group>"; };
		308D94CA1EF1B58000929C7C /* MMPNotificationCenter.swift */ = {isa = PBXFileReference; fileEncoding = 4; lastKnownFileType = sourcecode.swift; path = MMPNotificationCenter.swift; sourceTree = "<group>"; };
		30BE9ED51EE78BAE00808FDB /* CountdownLabel.h */ = {isa = PBXFileReference; fileEncoding = 4; lastKnownFileType = sourcecode.c.h; name = CountdownLabel.h; path = CountdownLabel/CountdownLabel.h; sourceTree = "<group>"; };
		30BE9ED61EE78BAE00808FDB /* CountdownLabel.swift */ = {isa = PBXFileReference; fileEncoding = 4; lastKnownFileType = sourcecode.swift; name = CountdownLabel.swift; path = CountdownLabel/CountdownLabel.swift; sourceTree = "<group>"; };
		30BE9ED71EE78BAE00808FDB /* Info.plist */ = {isa = PBXFileReference; fileEncoding = 4; lastKnownFileType = text.plist.xml; name = Info.plist; path = CountdownLabel/Info.plist; sourceTree = "<group>"; };
		30BE9EDA1EE78BC100808FDB /* LTCharacterDiffResult.swift */ = {isa = PBXFileReference; fileEncoding = 4; lastKnownFileType = sourcecode.swift; name = LTCharacterDiffResult.swift; path = CountdownLabel/LTMorphingLabel/LTCharacterDiffResult.swift; sourceTree = "<group>"; };
		30BE9EDB1EE78BC100808FDB /* LTCharacterLimbo.swift */ = {isa = PBXFileReference; fileEncoding = 4; lastKnownFileType = sourcecode.swift; name = LTCharacterLimbo.swift; path = CountdownLabel/LTMorphingLabel/LTCharacterLimbo.swift; sourceTree = "<group>"; };
		30BE9EDC1EE78BC100808FDB /* LTEasing.swift */ = {isa = PBXFileReference; fileEncoding = 4; lastKnownFileType = sourcecode.swift; name = LTEasing.swift; path = CountdownLabel/LTMorphingLabel/LTEasing.swift; sourceTree = "<group>"; };
		30BE9EDD1EE78BC100808FDB /* LTEmitterView.swift */ = {isa = PBXFileReference; fileEncoding = 4; lastKnownFileType = sourcecode.swift; name = LTEmitterView.swift; path = CountdownLabel/LTMorphingLabel/LTEmitterView.swift; sourceTree = "<group>"; };
		30BE9EDE1EE78BC100808FDB /* LTMorphingEffect.swift */ = {isa = PBXFileReference; fileEncoding = 4; lastKnownFileType = sourcecode.swift; name = LTMorphingEffect.swift; path = CountdownLabel/LTMorphingLabel/LTMorphingEffect.swift; sourceTree = "<group>"; };
		30BE9EDF1EE78BC100808FDB /* LTMorphingLabel.h */ = {isa = PBXFileReference; fileEncoding = 4; lastKnownFileType = sourcecode.c.h; name = LTMorphingLabel.h; path = CountdownLabel/LTMorphingLabel/LTMorphingLabel.h; sourceTree = "<group>"; };
		30BE9EE01EE78BC100808FDB /* LTMorphingLabel.swift */ = {isa = PBXFileReference; fileEncoding = 4; lastKnownFileType = sourcecode.swift; name = LTMorphingLabel.swift; path = CountdownLabel/LTMorphingLabel/LTMorphingLabel.swift; sourceTree = "<group>"; };
		30BE9EE11EE78BC100808FDB /* LTMorphingLabel+Anvil.swift */ = {isa = PBXFileReference; fileEncoding = 4; lastKnownFileType = sourcecode.swift; name = "LTMorphingLabel+Anvil.swift"; path = "CountdownLabel/LTMorphingLabel/LTMorphingLabel+Anvil.swift"; sourceTree = "<group>"; };
		30BE9EE21EE78BC100808FDB /* LTMorphingLabel+Burn.swift */ = {isa = PBXFileReference; fileEncoding = 4; lastKnownFileType = sourcecode.swift; name = "LTMorphingLabel+Burn.swift"; path = "CountdownLabel/LTMorphingLabel/LTMorphingLabel+Burn.swift"; sourceTree = "<group>"; };
		30BE9EE31EE78BC100808FDB /* LTMorphingLabel+Evaporate.swift */ = {isa = PBXFileReference; fileEncoding = 4; lastKnownFileType = sourcecode.swift; name = "LTMorphingLabel+Evaporate.swift"; path = "CountdownLabel/LTMorphingLabel/LTMorphingLabel+Evaporate.swift"; sourceTree = "<group>"; };
		30BE9EE41EE78BC100808FDB /* LTMorphingLabel+Fall.swift */ = {isa = PBXFileReference; fileEncoding = 4; lastKnownFileType = sourcecode.swift; name = "LTMorphingLabel+Fall.swift"; path = "CountdownLabel/LTMorphingLabel/LTMorphingLabel+Fall.swift"; sourceTree = "<group>"; };
		30BE9EE51EE78BC100808FDB /* LTMorphingLabel+Pixelate.swift */ = {isa = PBXFileReference; fileEncoding = 4; lastKnownFileType = sourcecode.swift; name = "LTMorphingLabel+Pixelate.swift"; path = "CountdownLabel/LTMorphingLabel/LTMorphingLabel+Pixelate.swift"; sourceTree = "<group>"; };
		30BE9EE61EE78BC100808FDB /* LTMorphingLabel+Sparkle.swift */ = {isa = PBXFileReference; fileEncoding = 4; lastKnownFileType = sourcecode.swift; name = "LTMorphingLabel+Sparkle.swift"; path = "CountdownLabel/LTMorphingLabel/LTMorphingLabel+Sparkle.swift"; sourceTree = "<group>"; };
		30BE9EE71EE78BC100808FDB /* LTStringDiffResult.swift */ = {isa = PBXFileReference; fileEncoding = 4; lastKnownFileType = sourcecode.swift; name = LTStringDiffResult.swift; path = CountdownLabel/LTMorphingLabel/LTStringDiffResult.swift; sourceTree = "<group>"; };
		30BE9EF61EE78BD900808FDB /* Fire.png */ = {isa = PBXFileReference; lastKnownFileType = image.png; name = Fire.png; path = CountdownLabel/LTMorphingLabel/Particles/Fire.png; sourceTree = "<group>"; };
		30BE9EF71EE78BD900808FDB /* Fragment.png */ = {isa = PBXFileReference; lastKnownFileType = image.png; name = Fragment.png; path = CountdownLabel/LTMorphingLabel/Particles/Fragment.png; sourceTree = "<group>"; };
		30BE9EF81EE78BD900808FDB /* Smoke.png */ = {isa = PBXFileReference; lastKnownFileType = image.png; name = Smoke.png; path = CountdownLabel/LTMorphingLabel/Particles/Smoke.png; sourceTree = "<group>"; };
		30BE9EF91EE78BD900808FDB /* Sparkle.png */ = {isa = PBXFileReference; lastKnownFileType = image.png; name = Sparkle.png; path = CountdownLabel/LTMorphingLabel/Particles/Sparkle.png; sourceTree = "<group>"; };
		30F7A2731EE4ED43002A0981 /* MyMedsPlanModel.xcdatamodel */ = {isa = PBXFileReference; lastKnownFileType = wrapper.xcdatamodel; path = MyMedsPlanModel.xcdatamodel; sourceTree = "<group>"; };
		30F7A2761EE4F02E002A0981 /* Plan+AlecrimCoreDataAttributes.swift */ = {isa = PBXFileReference; fileEncoding = 4; lastKnownFileType = sourcecode.swift; name = "Plan+AlecrimCoreDataAttributes.swift"; path = "Model/Plan+AlecrimCoreDataAttributes.swift"; sourceTree = "<group>"; };
		30F7A2771EE4F02E002A0981 /* Plan+CoreDataClass.swift */ = {isa = PBXFileReference; fileEncoding = 4; lastKnownFileType = sourcecode.swift; name = "Plan+CoreDataClass.swift"; path = "Model/Plan+CoreDataClass.swift"; sourceTree = "<group>"; };
		30F7A2781EE4F02E002A0981 /* Plan+CoreDataProperties.swift */ = {isa = PBXFileReference; fileEncoding = 4; lastKnownFileType = sourcecode.swift; name = "Plan+CoreDataProperties.swift"; path = "Model/Plan+CoreDataProperties.swift"; sourceTree = "<group>"; };
		30F7A27E1EE4FF86002A0981 /* Nunito-Bold.ttf */ = {isa = PBXFileReference; lastKnownFileType = file; name = "Nunito-Bold.ttf"; path = "Fonts/Nunito-Bold.ttf"; sourceTree = "<group>"; };
		30F7A27F1EE4FF86002A0981 /* Nunito-Italic.ttf */ = {isa = PBXFileReference; lastKnownFileType = file; name = "Nunito-Italic.ttf"; path = "Fonts/Nunito-Italic.ttf"; sourceTree = "<group>"; };
		30F7A2801EE4FF86002A0981 /* Nunito-Light.ttf */ = {isa = PBXFileReference; lastKnownFileType = file; name = "Nunito-Light.ttf"; path = "Fonts/Nunito-Light.ttf"; sourceTree = "<group>"; };
		30F7A2811EE4FF86002A0981 /* Nunito-Regular.ttf */ = {isa = PBXFileReference; lastKnownFileType = file; name = "Nunito-Regular.ttf"; path = "Fonts/Nunito-Regular.ttf"; sourceTree = "<group>"; };
		30F7A2881EE50EE5002A0981 /* MainViewController.swift */ = {isa = PBXFileReference; fileEncoding = 4; lastKnownFileType = sourcecode.swift; path = MainViewController.swift; sourceTree = "<group>"; };
		30F7A28A1EE50F0E002A0981 /* AddMedicineViewController.swift */ = {isa = PBXFileReference; fileEncoding = 4; lastKnownFileType = sourcecode.swift; path = AddMedicineViewController.swift; sourceTree = "<group>"; };
		30F7A28D1EE51555002A0981 /* UIColor+ColorAdditions.swift */ = {isa = PBXFileReference; fileEncoding = 4; lastKnownFileType = sourcecode.swift; path = "UIColor+ColorAdditions.swift"; sourceTree = "<group>"; };
		30F7A28F1EE51614002A0981 /* MMPButton.swift */ = {isa = PBXFileReference; fileEncoding = 4; lastKnownFileType = sourcecode.swift; path = MMPButton.swift; sourceTree = "<group>"; };
		30F7A2911EE51AD5002A0981 /* MMPRoundedCornersView.swift */ = {isa = PBXFileReference; fileEncoding = 4; lastKnownFileType = sourcecode.swift; path = MMPRoundedCornersView.swift; sourceTree = "<group>"; };
		30F7A2931EE63776002A0981 /* MMPUtils.swift */ = {isa = PBXFileReference; fileEncoding = 4; lastKnownFileType = sourcecode.swift; path = MMPUtils.swift; sourceTree = "<group>"; };
		30F7A2951EE653AD002A0981 /* MMPMainTableViewCell.swift */ = {isa = PBXFileReference; fileEncoding = 4; lastKnownFileType = sourcecode.swift; path = MMPMainTableViewCell.swift; sourceTree = "<group>"; };
		30F7A2961EE653AD002A0981 /* MMPMainTableViewCell.xib */ = {isa = PBXFileReference; fileEncoding = 4; lastKnownFileType = file.xib; path = MMPMainTableViewCell.xib; sourceTree = "<group>"; };
		30FC17BD1F512CEE009A9117 /* MyMedsPlanModel-B9.xcdatamodel */ = {isa = PBXFileReference; lastKnownFileType = wrapper.xcdatamodel; path = "MyMedsPlanModel-B9.xcdatamodel"; sourceTree = "<group>"; };
		30FC17BE1F514691009A9117 /* MMPCalendarTableViewCell.swift */ = {isa = PBXFileReference; fileEncoding = 4; lastKnownFileType = sourcecode.swift; path = MMPCalendarTableViewCell.swift; sourceTree = "<group>"; };
		30FC17BF1F514691009A9117 /* MMPCalendarTableViewCell.xib */ = {isa = PBXFileReference; fileEncoding = 4; lastKnownFileType = file.xib; path = MMPCalendarTableViewCell.xib; sourceTree = "<group>"; };
		30FC17C21F533229009A9117 /* MMPCalendarDate.swift */ = {isa = PBXFileReference; fileEncoding = 4; lastKnownFileType = sourcecode.swift; path = MMPCalendarDate.swift; sourceTree = "<group>"; };
		509DFCD74F97EAADB793F1AC /* Pods-MyMedsPlan-iPhoneTests.release.xcconfig */ = {isa = PBXFileReference; includeInIndex = 1; lastKnownFileType = text.xcconfig; name = "Pods-MyMedsPlan-iPhoneTests.release.xcconfig"; path = "Pods/Target Support Files/Pods-MyMedsPlan-iPhoneTests/Pods-MyMedsPlan-iPhoneTests.release.xcconfig"; sourceTree = "<group>"; };
		9B6F5FF7931858701EA87048 /* Pods_MyMedsPlan_iPhone.framework */ = {isa = PBXFileReference; explicitFileType = wrapper.framework; includeInIndex = 0; path = Pods_MyMedsPlan_iPhone.framework; sourceTree = BUILT_PRODUCTS_DIR; };
		A73D2E1EE9D54CF9ECF529E2 /* Pods-MyMedsPlan-iPhoneUITests.debug.xcconfig */ = {isa = PBXFileReference; includeInIndex = 1; lastKnownFileType = text.xcconfig; name = "Pods-MyMedsPlan-iPhoneUITests.debug.xcconfig"; path = "Pods/Target Support Files/Pods-MyMedsPlan-iPhoneUITests/Pods-MyMedsPlan-iPhoneUITests.debug.xcconfig"; sourceTree = "<group>"; };
		B23F20D8755E0758530C9F5B /* Pods-MyMedsPlan-iPhone.release.xcconfig */ = {isa = PBXFileReference; includeInIndex = 1; lastKnownFileType = text.xcconfig; name = "Pods-MyMedsPlan-iPhone.release.xcconfig"; path = "Pods/Target Support Files/Pods-MyMedsPlan-iPhone/Pods-MyMedsPlan-iPhone.release.xcconfig"; sourceTree = "<group>"; };
		D9FAEA0F98FB3E690A48459D /* Pods_MyMedsPlan_iPhoneUITests.framework */ = {isa = PBXFileReference; explicitFileType = wrapper.framework; includeInIndex = 0; path = Pods_MyMedsPlan_iPhoneUITests.framework; sourceTree = BUILT_PRODUCTS_DIR; };
		F5E3DEA6A402005F11C3F0D0 /* Pods-MyMedsPlan-iPhoneUITests.release.xcconfig */ = {isa = PBXFileReference; includeInIndex = 1; lastKnownFileType = text.xcconfig; name = "Pods-MyMedsPlan-iPhoneUITests.release.xcconfig"; path = "Pods/Target Support Files/Pods-MyMedsPlan-iPhoneUITests/Pods-MyMedsPlan-iPhoneUITests.release.xcconfig"; sourceTree = "<group>"; };
		FA1620978D6E5A562D554594 /* Pods_MyMedsPlan_iPhoneTests.framework */ = {isa = PBXFileReference; explicitFileType = wrapper.framework; includeInIndex = 0; path = Pods_MyMedsPlan_iPhoneTests.framework; sourceTree = BUILT_PRODUCTS_DIR; };
/* End PBXFileReference section */

/* Begin PBXFrameworksBuildPhase section */
		300FC4D21EE37E0F00D93A6D /* Frameworks */ = {
			isa = PBXFrameworksBuildPhase;
			buildActionMask = 2147483647;
			files = (
				D76969B110A59842FC9AA4FD /* Pods_MyMedsPlan_iPhone.framework in Frameworks */,
			);
			runOnlyForDeploymentPostprocessing = 0;
		};
		300FC4E61EE37E0F00D93A6D /* Frameworks */ = {
			isa = PBXFrameworksBuildPhase;
			buildActionMask = 2147483647;
			files = (
				9EBAE816D85427AD62911D39 /* Pods_MyMedsPlan_iPhoneTests.framework in Frameworks */,
			);
			runOnlyForDeploymentPostprocessing = 0;
		};
		300FC4F11EE37E0F00D93A6D /* Frameworks */ = {
			isa = PBXFrameworksBuildPhase;
			buildActionMask = 2147483647;
			files = (
				CF2FAED1C50892FB9A017BCC /* Pods_MyMedsPlan_iPhoneUITests.framework in Frameworks */,
			);
			runOnlyForDeploymentPostprocessing = 0;
		};
/* End PBXFrameworksBuildPhase section */

/* Begin PBXGroup section */
		300FC4CC1EE37E0F00D93A6D = {
			isa = PBXGroup;
			children = (
				300FC4D71EE37E0F00D93A6D /* MyMedsPlan-iPhone */,
				300FC4EC1EE37E0F00D93A6D /* MyMedsPlan-iPhoneTests */,
				300FC4F71EE37E0F00D93A6D /* MyMedsPlan-iPhoneUITests */,
				300FC4D61EE37E0F00D93A6D /* Products */,
				EDEA3EDD2BB82DBB7A66EDCA /* Pods */,
				A4AC5A13574C1746FA688E21 /* Frameworks */,
			);
			sourceTree = "<group>";
		};
		300FC4D61EE37E0F00D93A6D /* Products */ = {
			isa = PBXGroup;
			children = (
				300FC4D51EE37E0F00D93A6D /* My Meds Plan.app */,
				300FC4E91EE37E0F00D93A6D /* MyMedsPlan-iPhoneTests.xctest */,
				300FC4F41EE37E0F00D93A6D /* MyMedsPlan-iPhoneUITests.xctest */,
			);
			name = Products;
			sourceTree = "<group>";
		};
		300FC4D71EE37E0F00D93A6D /* MyMedsPlan-iPhone */ = {
			isa = PBXGroup;
			children = (
				308D94C71EF070CA00929C7C /* SDK */,
				30F7A28C1EE51534002A0981 /* Utilities */,
				30F7A2751EE4ED4E002A0981 /* Model */,
				30F7A27C1EE4FEB8002A0981 /* Common */,
				30F7A2871EE50B1C002A0981 /* Views */,
				30F7A2861EE50B10002A0981 /* Controllers */,
				300FC4DF1EE37E0F00D93A6D /* Assets.xcassets */,
				300FC4E41EE37E0F00D93A6D /* Info.plist */,
			);
			path = "MyMedsPlan-iPhone";
			sourceTree = "<group>";
		};
		300FC4EC1EE37E0F00D93A6D /* MyMedsPlan-iPhoneTests */ = {
			isa = PBXGroup;
			children = (
				300FC4ED1EE37E0F00D93A6D /* MyMedsPlan_iPhoneTests.swift */,
				300FC4EF1EE37E0F00D93A6D /* Info.plist */,
			);
			path = "MyMedsPlan-iPhoneTests";
			sourceTree = "<group>";
		};
		300FC4F71EE37E0F00D93A6D /* MyMedsPlan-iPhoneUITests */ = {
			isa = PBXGroup;
			children = (
				300FC4F81EE37E0F00D93A6D /* MyMedsPlan_iPhoneUITests.swift */,
				300FC4FA1EE37E0F00D93A6D /* Info.plist */,
			);
			path = "MyMedsPlan-iPhoneUITests";
			sourceTree = "<group>";
		};
		3015397F1F4C9C43007F4EC9 /* Calendar */ = {
			isa = PBXGroup;
			children = (
				301539801F4C9C66007F4EC9 /* CalendarViewController.swift */,
				3015397D1F4C9B91007F4EC9 /* CustomCell.swift */,
			);
			name = Calendar;
			sourceTree = "<group>";
		};
		30891EC51EE9E21500E84F93 /* Cells */ = {
			isa = PBXGroup;
			children = (
				30F7A2961EE653AD002A0981 /* MMPMainTableViewCell.xib */,
				30FC17BF1F514691009A9117 /* MMPCalendarTableViewCell.xib */,
			);
			name = Cells;
			sourceTree = "<group>";
		};
		308D94C71EF070CA00929C7C /* SDK */ = {
			isa = PBXGroup;
			children = (
				308D94C81EF0712600929C7C /* MMPManager.swift */,
				308D94CA1EF1B58000929C7C /* MMPNotificationCenter.swift */,
			);
			name = SDK;
			sourceTree = "<group>";
		};
		30BE9ECF1EE7584600808FDB /* Cell */ = {
			isa = PBXGroup;
			children = (
				30F7A2951EE653AD002A0981 /* MMPMainTableViewCell.swift */,
				30FC17BE1F514691009A9117 /* MMPCalendarTableViewCell.swift */,
			);
			name = Cell;
			sourceTree = "<group>";
		};
		30BE9ED31EE78B8E00808FDB /* CountdownLabel */ = {
			isa = PBXGroup;
			children = (
				30BE9ED51EE78BAE00808FDB /* CountdownLabel.h */,
				30BE9ED61EE78BAE00808FDB /* CountdownLabel.swift */,
				30BE9ED71EE78BAE00808FDB /* Info.plist */,
				30BE9ED41EE78BA000808FDB /* LTMorphingLabel */,
			);
			name = CountdownLabel;
			sourceTree = "<group>";
		};
		30BE9ED41EE78BA000808FDB /* LTMorphingLabel */ = {
			isa = PBXGroup;
			children = (
				30BE9EF51EE78BC500808FDB /* Particles */,
				30BE9EDA1EE78BC100808FDB /* LTCharacterDiffResult.swift */,
				30BE9EDB1EE78BC100808FDB /* LTCharacterLimbo.swift */,
				30BE9EDC1EE78BC100808FDB /* LTEasing.swift */,
				30BE9EDD1EE78BC100808FDB /* LTEmitterView.swift */,
				30BE9EDE1EE78BC100808FDB /* LTMorphingEffect.swift */,
				30BE9EDF1EE78BC100808FDB /* LTMorphingLabel.h */,
				30BE9EE01EE78BC100808FDB /* LTMorphingLabel.swift */,
				30BE9EE11EE78BC100808FDB /* LTMorphingLabel+Anvil.swift */,
				30BE9EE21EE78BC100808FDB /* LTMorphingLabel+Burn.swift */,
				30BE9EE31EE78BC100808FDB /* LTMorphingLabel+Evaporate.swift */,
				30BE9EE41EE78BC100808FDB /* LTMorphingLabel+Fall.swift */,
				30BE9EE51EE78BC100808FDB /* LTMorphingLabel+Pixelate.swift */,
				30BE9EE61EE78BC100808FDB /* LTMorphingLabel+Sparkle.swift */,
				30BE9EE71EE78BC100808FDB /* LTStringDiffResult.swift */,
			);
			name = LTMorphingLabel;
			sourceTree = "<group>";
		};
		30BE9EF51EE78BC500808FDB /* Particles */ = {
			isa = PBXGroup;
			children = (
				30BE9EF61EE78BD900808FDB /* Fire.png */,
				30BE9EF71EE78BD900808FDB /* Fragment.png */,
				30BE9EF81EE78BD900808FDB /* Smoke.png */,
				30BE9EF91EE78BD900808FDB /* Sparkle.png */,
			);
			name = Particles;
			sourceTree = "<group>";
		};
		30F7A2751EE4ED4E002A0981 /* Model */ = {
			isa = PBXGroup;
			children = (
				30F7A2721EE4ED43002A0981 /* MyMedsPlanModel.xcdatamodeld */,
				308D94BF1EEB746800929C7C /* Entity+AlecrimCoreDataAttributes.swift */,
				308D94C01EEB746800929C7C /* Entity+CoreDataClass.swift */,
				308D94C11EEB746800929C7C /* Entity+CoreDataProperties.swift */,
				308D94C21EEB746800929C7C /* Event+CoreDataProperties.swift */,
				308D94BB1EEB745D00929C7C /* Event+AlecrimCoreDataAttributes.swift */,
				308D94BC1EEB745D00929C7C /* Event+CoreDataClass.swift */,
				30F7A2761EE4F02E002A0981 /* Plan+AlecrimCoreDataAttributes.swift */,
				30F7A2771EE4F02E002A0981 /* Plan+CoreDataClass.swift */,
				30F7A2781EE4F02E002A0981 /* Plan+CoreDataProperties.swift */,
			);
			name = Model;
			sourceTree = "<group>";
		};
		30F7A27C1EE4FEB8002A0981 /* Common */ = {
			isa = PBXGroup;
			children = (
				30F7A27D1EE4FEC1002A0981 /* Fonts */,
				300FC4D81EE37E0F00D93A6D /* AppDelegate.swift */,
				301BF1EB1F173227001E7E40 /* Localizable.strings */,
			);
			name = Common;
			sourceTree = "<group>";
		};
		30F7A27D1EE4FEC1002A0981 /* Fonts */ = {
			isa = PBXGroup;
			children = (
				30F7A27E1EE4FF86002A0981 /* Nunito-Bold.ttf */,
				30F7A27F1EE4FF86002A0981 /* Nunito-Italic.ttf */,
				30F7A2801EE4FF86002A0981 /* Nunito-Light.ttf */,
				30F7A2811EE4FF86002A0981 /* Nunito-Regular.ttf */,
			);
			name = Fonts;
			sourceTree = "<group>";
		};
		30F7A2861EE50B10002A0981 /* Controllers */ = {
			isa = PBXGroup;
			children = (
				3015397F1F4C9C43007F4EC9 /* Calendar */,
				30BE9ECF1EE7584600808FDB /* Cell */,
				30F7A2881EE50EE5002A0981 /* MainViewController.swift */,
				30F7A28A1EE50F0E002A0981 /* AddMedicineViewController.swift */,
				30891EC91EEA248D00E84F93 /* MedicinePlanViewController.swift */,
			);
			name = Controllers;
			sourceTree = "<group>";
		};
		30F7A2871EE50B1C002A0981 /* Views */ = {
			isa = PBXGroup;
			children = (
				30891EC51EE9E21500E84F93 /* Cells */,
				300FC4DC1EE37E0F00D93A6D /* Main.storyboard */,
				300FC4E11EE37E0F00D93A6D /* LaunchScreen.storyboard */,
			);
			name = Views;
			sourceTree = "<group>";
		};
		30F7A28C1EE51534002A0981 /* Utilities */ = {
			isa = PBXGroup;
			children = (
				30BE9ED31EE78B8E00808FDB /* CountdownLabel */,
				30F7A28D1EE51555002A0981 /* UIColor+ColorAdditions.swift */,
				30F7A28F1EE51614002A0981 /* MMPButton.swift */,
				30F7A2911EE51AD5002A0981 /* MMPRoundedCornersView.swift */,
				30F7A2931EE63776002A0981 /* MMPUtils.swift */,
				30891EC61EE9E24300E84F93 /* MMPDateUtils.swift */,
				30FC17C21F533229009A9117 /* MMPCalendarDate.swift */,
			);
			name = Utilities;
			sourceTree = "<group>";
		};
		A4AC5A13574C1746FA688E21 /* Frameworks */ = {
			isa = PBXGroup;
			children = (
				9B6F5FF7931858701EA87048 /* Pods_MyMedsPlan_iPhone.framework */,
				FA1620978D6E5A562D554594 /* Pods_MyMedsPlan_iPhoneTests.framework */,
				D9FAEA0F98FB3E690A48459D /* Pods_MyMedsPlan_iPhoneUITests.framework */,
			);
			name = Frameworks;
			sourceTree = "<group>";
		};
		EDEA3EDD2BB82DBB7A66EDCA /* Pods */ = {
			isa = PBXGroup;
			children = (
				26C1F5D58F4BECDF51863822 /* Pods-MyMedsPlan-iPhone.debug.xcconfig */,
				B23F20D8755E0758530C9F5B /* Pods-MyMedsPlan-iPhone.release.xcconfig */,
				2106C14FB7F799C309D03F56 /* Pods-MyMedsPlan-iPhoneTests.debug.xcconfig */,
				509DFCD74F97EAADB793F1AC /* Pods-MyMedsPlan-iPhoneTests.release.xcconfig */,
				A73D2E1EE9D54CF9ECF529E2 /* Pods-MyMedsPlan-iPhoneUITests.debug.xcconfig */,
				F5E3DEA6A402005F11C3F0D0 /* Pods-MyMedsPlan-iPhoneUITests.release.xcconfig */,
			);
			name = Pods;
			sourceTree = "<group>";
		};
/* End PBXGroup section */

/* Begin PBXNativeTarget section */
		300FC4D41EE37E0F00D93A6D /* MyMedsPlan-iPhone */ = {
			isa = PBXNativeTarget;
			buildConfigurationList = 300FC4FD1EE37E0F00D93A6D /* Build configuration list for PBXNativeTarget "MyMedsPlan-iPhone" */;
			buildPhases = (
				749C4575876F310E2867052F /* [CP] Check Pods Manifest.lock */,
				300FC4D11EE37E0F00D93A6D /* Sources */,
				300FC4D21EE37E0F00D93A6D /* Frameworks */,
				300FC4D31EE37E0F00D93A6D /* Resources */,
				FB3CDED72F390ABD71D94459 /* [CP] Embed Pods Frameworks */,
				FB04AB712A9EB2A4EDE240C7 /* [CP] Copy Pods Resources */,
			);
			buildRules = (
			);
			dependencies = (
			);
			name = "MyMedsPlan-iPhone";
			productName = "MyMedsPlan-iPhone";
			productReference = 300FC4D51EE37E0F00D93A6D /* My Meds Plan.app */;
			productType = "com.apple.product-type.application";
		};
		300FC4E81EE37E0F00D93A6D /* MyMedsPlan-iPhoneTests */ = {
			isa = PBXNativeTarget;
			buildConfigurationList = 300FC5001EE37E0F00D93A6D /* Build configuration list for PBXNativeTarget "MyMedsPlan-iPhoneTests" */;
			buildPhases = (
				EE3522175AE0BCCEA170A403 /* [CP] Check Pods Manifest.lock */,
				300FC4E51EE37E0F00D93A6D /* Sources */,
				300FC4E61EE37E0F00D93A6D /* Frameworks */,
				300FC4E71EE37E0F00D93A6D /* Resources */,
				58695585D08420D5B84BC0C7 /* [CP] Embed Pods Frameworks */,
				F9A48B99B1B9F5D93A78B2BF /* [CP] Copy Pods Resources */,
			);
			buildRules = (
			);
			dependencies = (
				300FC4EB1EE37E0F00D93A6D /* PBXTargetDependency */,
			);
			name = "MyMedsPlan-iPhoneTests";
			productName = "MyMedsPlan-iPhoneTests";
			productReference = 300FC4E91EE37E0F00D93A6D /* MyMedsPlan-iPhoneTests.xctest */;
			productType = "com.apple.product-type.bundle.unit-test";
		};
		300FC4F31EE37E0F00D93A6D /* MyMedsPlan-iPhoneUITests */ = {
			isa = PBXNativeTarget;
			buildConfigurationList = 300FC5031EE37E0F00D93A6D /* Build configuration list for PBXNativeTarget "MyMedsPlan-iPhoneUITests" */;
			buildPhases = (
				8EC586028B699BD78BF6B1E8 /* [CP] Check Pods Manifest.lock */,
				300FC4F01EE37E0F00D93A6D /* Sources */,
				300FC4F11EE37E0F00D93A6D /* Frameworks */,
				300FC4F21EE37E0F00D93A6D /* Resources */,
				8389913DE05E9BC64A2FD7A4 /* [CP] Embed Pods Frameworks */,
				8A51991B90AC85AFBFAE5A5E /* [CP] Copy Pods Resources */,
			);
			buildRules = (
			);
			dependencies = (
				300FC4F61EE37E0F00D93A6D /* PBXTargetDependency */,
			);
			name = "MyMedsPlan-iPhoneUITests";
			productName = "MyMedsPlan-iPhoneUITests";
			productReference = 300FC4F41EE37E0F00D93A6D /* MyMedsPlan-iPhoneUITests.xctest */;
			productType = "com.apple.product-type.bundle.ui-testing";
		};
/* End PBXNativeTarget section */

/* Begin PBXProject section */
		300FC4CD1EE37E0F00D93A6D /* Project object */ = {
			isa = PBXProject;
			attributes = {
				LastSwiftUpdateCheck = 0830;
				LastUpgradeCheck = 0900;
				ORGANIZATIONNAME = "Félix Olivares";
				TargetAttributes = {
					300FC4D41EE37E0F00D93A6D = {
						CreatedOnToolsVersion = 8.3.2;
						DevelopmentTeam = NNWZVWTFJB;
						ProvisioningStyle = Automatic;
					};
					300FC4E81EE37E0F00D93A6D = {
						CreatedOnToolsVersion = 8.3.2;
						DevelopmentTeam = NNWZVWTFJB;
						ProvisioningStyle = Automatic;
						TestTargetID = 300FC4D41EE37E0F00D93A6D;
					};
					300FC4F31EE37E0F00D93A6D = {
						CreatedOnToolsVersion = 8.3.2;
						DevelopmentTeam = NNWZVWTFJB;
						ProvisioningStyle = Automatic;
						TestTargetID = 300FC4D41EE37E0F00D93A6D;
					};
				};
			};
			buildConfigurationList = 300FC4D01EE37E0F00D93A6D /* Build configuration list for PBXProject "MyMedsPlan-iPhone" */;
			compatibilityVersion = "Xcode 3.2";
			developmentRegion = English;
			hasScannedForEncodings = 0;
			knownRegions = (
				en,
				Base,
				"es-MX",
			);
			mainGroup = 300FC4CC1EE37E0F00D93A6D;
			productRefGroup = 300FC4D61EE37E0F00D93A6D /* Products */;
			projectDirPath = "";
			projectRoot = "";
			targets = (
				300FC4D41EE37E0F00D93A6D /* MyMedsPlan-iPhone */,
				300FC4E81EE37E0F00D93A6D /* MyMedsPlan-iPhoneTests */,
				300FC4F31EE37E0F00D93A6D /* MyMedsPlan-iPhoneUITests */,
			);
		};
/* End PBXProject section */

/* Begin PBXResourcesBuildPhase section */
		300FC4D31EE37E0F00D93A6D /* Resources */ = {
			isa = PBXResourcesBuildPhase;
			buildActionMask = 2147483647;
			files = (
				300FC4E31EE37E0F00D93A6D /* LaunchScreen.storyboard in Resources */,
				30F7A2831EE4FF86002A0981 /* Nunito-Italic.ttf in Resources */,
				30BE9EFB1EE78BD900808FDB /* Fragment.png in Resources */,
				301BF1E91F173227001E7E40 /* Localizable.strings in Resources */,
				30BE9ED91EE78BAE00808FDB /* Info.plist in Resources */,
				30F7A2841EE4FF86002A0981 /* Nunito-Light.ttf in Resources */,
				30BE9EFD1EE78BD900808FDB /* Sparkle.png in Resources */,
				30FC17C11F514691009A9117 /* MMPCalendarTableViewCell.xib in Resources */,
				30F7A2981EE653AD002A0981 /* MMPMainTableViewCell.xib in Resources */,
				300FC4E01EE37E0F00D93A6D /* Assets.xcassets in Resources */,
				30F7A2851EE4FF86002A0981 /* Nunito-Regular.ttf in Resources */,
				30BE9EFA1EE78BD900808FDB /* Fire.png in Resources */,
				30F7A2821EE4FF86002A0981 /* Nunito-Bold.ttf in Resources */,
				300FC4DE1EE37E0F00D93A6D /* Main.storyboard in Resources */,
				30BE9EFC1EE78BD900808FDB /* Smoke.png in Resources */,
			);
			runOnlyForDeploymentPostprocessing = 0;
		};
		300FC4E71EE37E0F00D93A6D /* Resources */ = {
			isa = PBXResourcesBuildPhase;
			buildActionMask = 2147483647;
			files = (
			);
			runOnlyForDeploymentPostprocessing = 0;
		};
		300FC4F21EE37E0F00D93A6D /* Resources */ = {
			isa = PBXResourcesBuildPhase;
			buildActionMask = 2147483647;
			files = (
			);
			runOnlyForDeploymentPostprocessing = 0;
		};
/* End PBXResourcesBuildPhase section */

/* Begin PBXShellScriptBuildPhase section */
		58695585D08420D5B84BC0C7 /* [CP] Embed Pods Frameworks */ = {
			isa = PBXShellScriptBuildPhase;
			buildActionMask = 2147483647;
			files = (
			);
			inputPaths = (
			);
			name = "[CP] Embed Pods Frameworks";
			outputPaths = (
			);
			runOnlyForDeploymentPostprocessing = 0;
			shellPath = /bin/sh;
			shellScript = "\"${SRCROOT}/Pods/Target Support Files/Pods-MyMedsPlan-iPhoneTests/Pods-MyMedsPlan-iPhoneTests-frameworks.sh\"\n";
			showEnvVarsInLog = 0;
		};
		749C4575876F310E2867052F /* [CP] Check Pods Manifest.lock */ = {
			isa = PBXShellScriptBuildPhase;
			buildActionMask = 2147483647;
			files = (
			);
			inputPaths = (
				"${PODS_PODFILE_DIR_PATH}/Podfile.lock",
				"${PODS_ROOT}/Manifest.lock",
			);
			name = "[CP] Check Pods Manifest.lock";
			outputPaths = (
				"$(DERIVED_FILE_DIR)/Pods-MyMedsPlan-iPhone-checkManifestLockResult.txt",
			);
			runOnlyForDeploymentPostprocessing = 0;
			shellPath = /bin/sh;
			shellScript = "diff \"${PODS_PODFILE_DIR_PATH}/Podfile.lock\" \"${PODS_ROOT}/Manifest.lock\" > /dev/null\nif [ $? != 0 ] ; then\n    # print error to STDERR\n    echo \"error: The sandbox is not in sync with the Podfile.lock. Run 'pod install' or update your CocoaPods installation.\" >&2\n    exit 1\nfi\n# This output is used by Xcode 'outputs' to avoid re-running this script phase.\necho \"SUCCESS\" > \"${SCRIPT_OUTPUT_FILE_0}\"\n";
			showEnvVarsInLog = 0;
		};
		8389913DE05E9BC64A2FD7A4 /* [CP] Embed Pods Frameworks */ = {
			isa = PBXShellScriptBuildPhase;
			buildActionMask = 2147483647;
			files = (
			);
			inputPaths = (
			);
			name = "[CP] Embed Pods Frameworks";
			outputPaths = (
			);
			runOnlyForDeploymentPostprocessing = 0;
			shellPath = /bin/sh;
			shellScript = "\"${SRCROOT}/Pods/Target Support Files/Pods-MyMedsPlan-iPhoneUITests/Pods-MyMedsPlan-iPhoneUITests-frameworks.sh\"\n";
			showEnvVarsInLog = 0;
		};
		8A51991B90AC85AFBFAE5A5E /* [CP] Copy Pods Resources */ = {
			isa = PBXShellScriptBuildPhase;
			buildActionMask = 2147483647;
			files = (
			);
			inputPaths = (
			);
			name = "[CP] Copy Pods Resources";
			outputPaths = (
			);
			runOnlyForDeploymentPostprocessing = 0;
			shellPath = /bin/sh;
			shellScript = "\"${SRCROOT}/Pods/Target Support Files/Pods-MyMedsPlan-iPhoneUITests/Pods-MyMedsPlan-iPhoneUITests-resources.sh\"\n";
			showEnvVarsInLog = 0;
		};
		8EC586028B699BD78BF6B1E8 /* [CP] Check Pods Manifest.lock */ = {
			isa = PBXShellScriptBuildPhase;
			buildActionMask = 2147483647;
			files = (
			);
			inputPaths = (
				"${PODS_PODFILE_DIR_PATH}/Podfile.lock",
				"${PODS_ROOT}/Manifest.lock",
			);
			name = "[CP] Check Pods Manifest.lock";
			outputPaths = (
				"$(DERIVED_FILE_DIR)/Pods-MyMedsPlan-iPhoneUITests-checkManifestLockResult.txt",
			);
			runOnlyForDeploymentPostprocessing = 0;
			shellPath = /bin/sh;
			shellScript = "diff \"${PODS_PODFILE_DIR_PATH}/Podfile.lock\" \"${PODS_ROOT}/Manifest.lock\" > /dev/null\nif [ $? != 0 ] ; then\n    # print error to STDERR\n    echo \"error: The sandbox is not in sync with the Podfile.lock. Run 'pod install' or update your CocoaPods installation.\" >&2\n    exit 1\nfi\n# This output is used by Xcode 'outputs' to avoid re-running this script phase.\necho \"SUCCESS\" > \"${SCRIPT_OUTPUT_FILE_0}\"\n";
			showEnvVarsInLog = 0;
		};
		EE3522175AE0BCCEA170A403 /* [CP] Check Pods Manifest.lock */ = {
			isa = PBXShellScriptBuildPhase;
			buildActionMask = 2147483647;
			files = (
			);
			inputPaths = (
				"${PODS_PODFILE_DIR_PATH}/Podfile.lock",
				"${PODS_ROOT}/Manifest.lock",
			);
			name = "[CP] Check Pods Manifest.lock";
			outputPaths = (
				"$(DERIVED_FILE_DIR)/Pods-MyMedsPlan-iPhoneTests-checkManifestLockResult.txt",
			);
			runOnlyForDeploymentPostprocessing = 0;
			shellPath = /bin/sh;
			shellScript = "diff \"${PODS_PODFILE_DIR_PATH}/Podfile.lock\" \"${PODS_ROOT}/Manifest.lock\" > /dev/null\nif [ $? != 0 ] ; then\n    # print error to STDERR\n    echo \"error: The sandbox is not in sync with the Podfile.lock. Run 'pod install' or update your CocoaPods installation.\" >&2\n    exit 1\nfi\n# This output is used by Xcode 'outputs' to avoid re-running this script phase.\necho \"SUCCESS\" > \"${SCRIPT_OUTPUT_FILE_0}\"\n";
			showEnvVarsInLog = 0;
		};
		F9A48B99B1B9F5D93A78B2BF /* [CP] Copy Pods Resources */ = {
			isa = PBXShellScriptBuildPhase;
			buildActionMask = 2147483647;
			files = (
			);
			inputPaths = (
			);
			name = "[CP] Copy Pods Resources";
			outputPaths = (
			);
			runOnlyForDeploymentPostprocessing = 0;
			shellPath = /bin/sh;
			shellScript = "\"${SRCROOT}/Pods/Target Support Files/Pods-MyMedsPlan-iPhoneTests/Pods-MyMedsPlan-iPhoneTests-resources.sh\"\n";
			showEnvVarsInLog = 0;
		};
		FB04AB712A9EB2A4EDE240C7 /* [CP] Copy Pods Resources */ = {
			isa = PBXShellScriptBuildPhase;
			buildActionMask = 2147483647;
			files = (
			);
			inputPaths = (
			);
			name = "[CP] Copy Pods Resources";
			outputPaths = (
			);
			runOnlyForDeploymentPostprocessing = 0;
			shellPath = /bin/sh;
			shellScript = "\"${SRCROOT}/Pods/Target Support Files/Pods-MyMedsPlan-iPhone/Pods-MyMedsPlan-iPhone-resources.sh\"\n";
			showEnvVarsInLog = 0;
		};
		FB3CDED72F390ABD71D94459 /* [CP] Embed Pods Frameworks */ = {
			isa = PBXShellScriptBuildPhase;
			buildActionMask = 2147483647;
			files = (
			);
			inputPaths = (
				"${SRCROOT}/Pods/Target Support Files/Pods-MyMedsPlan-iPhone/Pods-MyMedsPlan-iPhone-frameworks.sh",
				"${BUILT_PRODUCTS_DIR}/AlecrimCoreData/AlecrimCoreData.framework",
				"${BUILT_PRODUCTS_DIR}/AsyncSwift/Async.framework",
				"${BUILT_PRODUCTS_DIR}/ChameleonFramework/ChameleonFramework.framework",
				"${BUILT_PRODUCTS_DIR}/IQKeyboardManagerSwift/IQKeyboardManagerSwift.framework",
				"${BUILT_PRODUCTS_DIR}/JTAppleCalendar/JTAppleCalendar.framework",
				"${BUILT_PRODUCTS_DIR}/PopupDialog/PopupDialog.framework",
				"${BUILT_PRODUCTS_DIR}/SwiftyPickerPopover/SwiftyPickerPopover.framework",
				"${BUILT_PRODUCTS_DIR}/SwipeCellKit/SwipeCellKit.framework",
				"${BUILT_PRODUCTS_DIR}/UICircularProgressRing/UICircularProgressRing.framework",
				"${BUILT_PRODUCTS_DIR}/XLActionController/XLActionController.framework",
			);
			name = "[CP] Embed Pods Frameworks";
			outputPaths = (
				"${TARGET_BUILD_DIR}/${FRAMEWORKS_FOLDER_PATH}/AlecrimCoreData.framework",
				"${TARGET_BUILD_DIR}/${FRAMEWORKS_FOLDER_PATH}/Async.framework",
				"${TARGET_BUILD_DIR}/${FRAMEWORKS_FOLDER_PATH}/ChameleonFramework.framework",
				"${TARGET_BUILD_DIR}/${FRAMEWORKS_FOLDER_PATH}/IQKeyboardManagerSwift.framework",
				"${TARGET_BUILD_DIR}/${FRAMEWORKS_FOLDER_PATH}/JTAppleCalendar.framework",
				"${TARGET_BUILD_DIR}/${FRAMEWORKS_FOLDER_PATH}/PopupDialog.framework",
				"${TARGET_BUILD_DIR}/${FRAMEWORKS_FOLDER_PATH}/SwiftyPickerPopover.framework",
				"${TARGET_BUILD_DIR}/${FRAMEWORKS_FOLDER_PATH}/SwipeCellKit.framework",
				"${TARGET_BUILD_DIR}/${FRAMEWORKS_FOLDER_PATH}/UICircularProgressRing.framework",
				"${TARGET_BUILD_DIR}/${FRAMEWORKS_FOLDER_PATH}/XLActionController.framework",
			);
			runOnlyForDeploymentPostprocessing = 0;
			shellPath = /bin/sh;
			shellScript = "\"${SRCROOT}/Pods/Target Support Files/Pods-MyMedsPlan-iPhone/Pods-MyMedsPlan-iPhone-frameworks.sh\"\n";
			showEnvVarsInLog = 0;
		};
/* End PBXShellScriptBuildPhase section */

/* Begin PBXSourcesBuildPhase section */
		300FC4D11EE37E0F00D93A6D /* Sources */ = {
			isa = PBXSourcesBuildPhase;
			buildActionMask = 2147483647;
			files = (
				30BE9EEA1EE78BC100808FDB /* LTEasing.swift in Sources */,
				30BE9EED1EE78BC100808FDB /* LTMorphingLabel.swift in Sources */,
				30F7A28B1EE50F0E002A0981 /* AddMedicineViewController.swift in Sources */,
				3015397E1F4C9B91007F4EC9 /* CustomCell.swift in Sources */,
				30891EC71EE9E24300E84F93 /* MMPDateUtils.swift in Sources */,
				30BE9EF31EE78BC100808FDB /* LTMorphingLabel+Sparkle.swift in Sources */,
				30F7A2891EE50EE5002A0981 /* MainViewController.swift in Sources */,
				30891ECA1EEA248D00E84F93 /* MedicinePlanViewController.swift in Sources */,
				30BE9EF21EE78BC100808FDB /* LTMorphingLabel+Pixelate.swift in Sources */,
				30BE9EF41EE78BC100808FDB /* LTStringDiffResult.swift in Sources */,
				301539811F4C9C66007F4EC9 /* CalendarViewController.swift in Sources */,
				30BE9EE91EE78BC100808FDB /* LTCharacterLimbo.swift in Sources */,
				30F7A27B1EE4F02E002A0981 /* Plan+CoreDataProperties.swift in Sources */,
				30F7A2791EE4F02E002A0981 /* Plan+AlecrimCoreDataAttributes.swift in Sources */,
				30BE9ED81EE78BAE00808FDB /* CountdownLabel.swift in Sources */,
				30F7A2941EE63776002A0981 /* MMPUtils.swift in Sources */,
				308D94C31EEB746800929C7C /* Entity+AlecrimCoreDataAttributes.swift in Sources */,
				308D94C51EEB746800929C7C /* Entity+CoreDataProperties.swift in Sources */,
				30F7A2901EE51614002A0981 /* MMPButton.swift in Sources */,
				30BE9EF01EE78BC100808FDB /* LTMorphingLabel+Evaporate.swift in Sources */,
				308D94C61EEB746800929C7C /* Event+CoreDataProperties.swift in Sources */,
				30F7A28E1EE51555002A0981 /* UIColor+ColorAdditions.swift in Sources */,
				308D94BD1EEB745D00929C7C /* Event+AlecrimCoreDataAttributes.swift in Sources */,
				30F7A2741EE4ED43002A0981 /* MyMedsPlanModel.xcdatamodeld in Sources */,
				30BE9EE81EE78BC100808FDB /* LTCharacterDiffResult.swift in Sources */,
				30FC17C01F514691009A9117 /* MMPCalendarTableViewCell.swift in Sources */,
				30BE9EEB1EE78BC100808FDB /* LTEmitterView.swift in Sources */,
				308D94C41EEB746800929C7C /* Entity+CoreDataClass.swift in Sources */,
				30BE9EF11EE78BC100808FDB /* LTMorphingLabel+Fall.swift in Sources */,
				308D94BE1EEB745D00929C7C /* Event+CoreDataClass.swift in Sources */,
				300FC4D91EE37E0F00D93A6D /* AppDelegate.swift in Sources */,
				30BE9EEC1EE78BC100808FDB /* LTMorphingEffect.swift in Sources */,
				30BE9EEF1EE78BC100808FDB /* LTMorphingLabel+Burn.swift in Sources */,
				30F7A27A1EE4F02E002A0981 /* Plan+CoreDataClass.swift in Sources */,
				30FC17C31F533229009A9117 /* MMPCalendarDate.swift in Sources */,
				30F7A2971EE653AD002A0981 /* MMPMainTableViewCell.swift in Sources */,
				308D94CB1EF1B58000929C7C /* MMPNotificationCenter.swift in Sources */,
				30F7A2921EE51AD5002A0981 /* MMPRoundedCornersView.swift in Sources */,
				30BE9EEE1EE78BC100808FDB /* LTMorphingLabel+Anvil.swift in Sources */,
				308D94C91EF0712600929C7C /* MMPManager.swift in Sources */,
			);
			runOnlyForDeploymentPostprocessing = 0;
		};
		300FC4E51EE37E0F00D93A6D /* Sources */ = {
			isa = PBXSourcesBuildPhase;
			buildActionMask = 2147483647;
			files = (
				300FC4EE1EE37E0F00D93A6D /* MyMedsPlan_iPhoneTests.swift in Sources */,
			);
			runOnlyForDeploymentPostprocessing = 0;
		};
		300FC4F01EE37E0F00D93A6D /* Sources */ = {
			isa = PBXSourcesBuildPhase;
			buildActionMask = 2147483647;
			files = (
				300FC4F91EE37E0F00D93A6D /* MyMedsPlan_iPhoneUITests.swift in Sources */,
			);
			runOnlyForDeploymentPostprocessing = 0;
		};
/* End PBXSourcesBuildPhase section */

/* Begin PBXTargetDependency section */
		300FC4EB1EE37E0F00D93A6D /* PBXTargetDependency */ = {
			isa = PBXTargetDependency;
			target = 300FC4D41EE37E0F00D93A6D /* MyMedsPlan-iPhone */;
			targetProxy = 300FC4EA1EE37E0F00D93A6D /* PBXContainerItemProxy */;
		};
		300FC4F61EE37E0F00D93A6D /* PBXTargetDependency */ = {
			isa = PBXTargetDependency;
			target = 300FC4D41EE37E0F00D93A6D /* MyMedsPlan-iPhone */;
			targetProxy = 300FC4F51EE37E0F00D93A6D /* PBXContainerItemProxy */;
		};
/* End PBXTargetDependency section */

/* Begin PBXVariantGroup section */
		300FC4DC1EE37E0F00D93A6D /* Main.storyboard */ = {
			isa = PBXVariantGroup;
			children = (
				300FC4DD1EE37E0F00D93A6D /* Base */,
				301AC7B21F1EE519007D8007 /* es-MX */,
			);
			name = Main.storyboard;
			sourceTree = "<group>";
		};
		300FC4E11EE37E0F00D93A6D /* LaunchScreen.storyboard */ = {
			isa = PBXVariantGroup;
			children = (
				300FC4E21EE37E0F00D93A6D /* Base */,
				301BF1E61F1731EC001E7E40 /* es-MX */,
			);
			name = LaunchScreen.storyboard;
			sourceTree = "<group>";
		};
		301BF1EB1F173227001E7E40 /* Localizable.strings */ = {
			isa = PBXVariantGroup;
			children = (
				301BF1EA1F173227001E7E40 /* en */,
				301BF1EC1F173233001E7E40 /* es-MX */,
			);
			name = Localizable.strings;
			sourceTree = "<group>";
		};
/* End PBXVariantGroup section */

/* Begin XCBuildConfiguration section */
		300FC4FB1EE37E0F00D93A6D /* Debug */ = {
			isa = XCBuildConfiguration;
			buildSettings = {
				ALWAYS_SEARCH_USER_PATHS = NO;
				CLANG_ANALYZER_LOCALIZABILITY_NONLOCALIZED = YES;
				CLANG_ANALYZER_NONNULL = YES;
				CLANG_ANALYZER_NUMBER_OBJECT_CONVERSION = YES_AGGRESSIVE;
				CLANG_CXX_LANGUAGE_STANDARD = "gnu++0x";
				CLANG_CXX_LIBRARY = "libc++";
				CLANG_ENABLE_MODULES = YES;
				CLANG_ENABLE_OBJC_ARC = YES;
				CLANG_WARN_BLOCK_CAPTURE_AUTORELEASING = YES;
				CLANG_WARN_BOOL_CONVERSION = YES;
				CLANG_WARN_COMMA = YES;
				CLANG_WARN_CONSTANT_CONVERSION = YES;
				CLANG_WARN_DIRECT_OBJC_ISA_USAGE = YES_ERROR;
				CLANG_WARN_DOCUMENTATION_COMMENTS = YES;
				CLANG_WARN_EMPTY_BODY = YES;
				CLANG_WARN_ENUM_CONVERSION = YES;
				CLANG_WARN_INFINITE_RECURSION = YES;
				CLANG_WARN_INT_CONVERSION = YES;
				CLANG_WARN_NON_LITERAL_NULL_CONVERSION = YES;
				CLANG_WARN_OBJC_LITERAL_CONVERSION = YES;
				CLANG_WARN_OBJC_ROOT_CLASS = YES_ERROR;
				CLANG_WARN_RANGE_LOOP_ANALYSIS = YES;
				CLANG_WARN_STRICT_PROTOTYPES = YES;
				CLANG_WARN_SUSPICIOUS_MOVE = YES;
				CLANG_WARN_UNREACHABLE_CODE = YES;
				CLANG_WARN__DUPLICATE_METHOD_MATCH = YES;
				"CODE_SIGN_IDENTITY[sdk=iphoneos*]" = "iPhone Developer";
				COPY_PHASE_STRIP = NO;
				DEBUG_INFORMATION_FORMAT = dwarf;
				ENABLE_STRICT_OBJC_MSGSEND = YES;
				ENABLE_TESTABILITY = YES;
				GCC_C_LANGUAGE_STANDARD = gnu99;
				GCC_DYNAMIC_NO_PIC = NO;
				GCC_NO_COMMON_BLOCKS = YES;
				GCC_OPTIMIZATION_LEVEL = 0;
				GCC_PREPROCESSOR_DEFINITIONS = (
					"DEBUG=1",
					"$(inherited)",
				);
				GCC_WARN_64_TO_32_BIT_CONVERSION = YES;
				GCC_WARN_ABOUT_RETURN_TYPE = YES_ERROR;
				GCC_WARN_UNDECLARED_SELECTOR = YES;
				GCC_WARN_UNINITIALIZED_AUTOS = YES_AGGRESSIVE;
				GCC_WARN_UNUSED_FUNCTION = YES;
				GCC_WARN_UNUSED_VARIABLE = YES;
				IPHONEOS_DEPLOYMENT_TARGET = 10.3;
				MTL_ENABLE_DEBUG_INFO = YES;
				ONLY_ACTIVE_ARCH = YES;
				SDKROOT = iphoneos;
				SWIFT_ACTIVE_COMPILATION_CONDITIONS = DEBUG;
				SWIFT_OPTIMIZATION_LEVEL = "-Onone";
			};
			name = Debug;
		};
		300FC4FC1EE37E0F00D93A6D /* Release */ = {
			isa = XCBuildConfiguration;
			buildSettings = {
				ALWAYS_SEARCH_USER_PATHS = NO;
				CLANG_ANALYZER_LOCALIZABILITY_NONLOCALIZED = YES;
				CLANG_ANALYZER_NONNULL = YES;
				CLANG_ANALYZER_NUMBER_OBJECT_CONVERSION = YES_AGGRESSIVE;
				CLANG_CXX_LANGUAGE_STANDARD = "gnu++0x";
				CLANG_CXX_LIBRARY = "libc++";
				CLANG_ENABLE_MODULES = YES;
				CLANG_ENABLE_OBJC_ARC = YES;
				CLANG_WARN_BLOCK_CAPTURE_AUTORELEASING = YES;
				CLANG_WARN_BOOL_CONVERSION = YES;
				CLANG_WARN_COMMA = YES;
				CLANG_WARN_CONSTANT_CONVERSION = YES;
				CLANG_WARN_DIRECT_OBJC_ISA_USAGE = YES_ERROR;
				CLANG_WARN_DOCUMENTATION_COMMENTS = YES;
				CLANG_WARN_EMPTY_BODY = YES;
				CLANG_WARN_ENUM_CONVERSION = YES;
				CLANG_WARN_INFINITE_RECURSION = YES;
				CLANG_WARN_INT_CONVERSION = YES;
				CLANG_WARN_NON_LITERAL_NULL_CONVERSION = YES;
				CLANG_WARN_OBJC_LITERAL_CONVERSION = YES;
				CLANG_WARN_OBJC_ROOT_CLASS = YES_ERROR;
				CLANG_WARN_RANGE_LOOP_ANALYSIS = YES;
				CLANG_WARN_STRICT_PROTOTYPES = YES;
				CLANG_WARN_SUSPICIOUS_MOVE = YES;
				CLANG_WARN_UNREACHABLE_CODE = YES;
				CLANG_WARN__DUPLICATE_METHOD_MATCH = YES;
				"CODE_SIGN_IDENTITY[sdk=iphoneos*]" = "iPhone Developer";
				COPY_PHASE_STRIP = NO;
				DEBUG_INFORMATION_FORMAT = "dwarf-with-dsym";
				ENABLE_NS_ASSERTIONS = NO;
				ENABLE_STRICT_OBJC_MSGSEND = YES;
				GCC_C_LANGUAGE_STANDARD = gnu99;
				GCC_NO_COMMON_BLOCKS = YES;
				GCC_WARN_64_TO_32_BIT_CONVERSION = YES;
				GCC_WARN_ABOUT_RETURN_TYPE = YES_ERROR;
				GCC_WARN_UNDECLARED_SELECTOR = YES;
				GCC_WARN_UNINITIALIZED_AUTOS = YES_AGGRESSIVE;
				GCC_WARN_UNUSED_FUNCTION = YES;
				GCC_WARN_UNUSED_VARIABLE = YES;
				IPHONEOS_DEPLOYMENT_TARGET = 10.3;
				MTL_ENABLE_DEBUG_INFO = NO;
				SDKROOT = iphoneos;
				SWIFT_OPTIMIZATION_LEVEL = "-Owholemodule";
				VALIDATE_PRODUCT = YES;
			};
			name = Release;
		};
		300FC4FE1EE37E0F00D93A6D /* Debug */ = {
			isa = XCBuildConfiguration;
			baseConfigurationReference = 26C1F5D58F4BECDF51863822 /* Pods-MyMedsPlan-iPhone.debug.xcconfig */;
			buildSettings = {
				ALWAYS_EMBED_SWIFT_STANDARD_LIBRARIES = YES;
				ASSETCATALOG_COMPILER_APPICON_NAME = AppIcon;
				"CODE_SIGN_IDENTITY[sdk=iphoneos*]" = "iPhone Developer";
				CODE_SIGN_STYLE = Automatic;
				DEVELOPMENT_TEAM = "";
				INFOPLIST_FILE = "MyMedsPlan-iPhone/Info.plist";
				IPHONEOS_DEPLOYMENT_TARGET = 10.2;
				LD_RUNPATH_SEARCH_PATHS = "$(inherited) @executable_path/Frameworks";
				PRODUCT_BUNDLE_IDENTIFIER = com.foe.MyMedsPlan;
				PRODUCT_NAME = "My Meds Plan";
				PROVISIONING_PROFILE = "";
				PROVISIONING_PROFILE_SPECIFIER = "";
				SWIFT_VERSION = 3.0;
			};
			name = Debug;
		};
		300FC4FF1EE37E0F00D93A6D /* Release */ = {
			isa = XCBuildConfiguration;
			baseConfigurationReference = B23F20D8755E0758530C9F5B /* Pods-MyMedsPlan-iPhone.release.xcconfig */;
			buildSettings = {
				ALWAYS_EMBED_SWIFT_STANDARD_LIBRARIES = YES;
				ASSETCATALOG_COMPILER_APPICON_NAME = AppIcon;
				"CODE_SIGN_IDENTITY[sdk=iphoneos*]" = "iPhone Developer";
				CODE_SIGN_STYLE = Automatic;
				DEVELOPMENT_TEAM = "";
				INFOPLIST_FILE = "MyMedsPlan-iPhone/Info.plist";
				IPHONEOS_DEPLOYMENT_TARGET = 10.2;
				LD_RUNPATH_SEARCH_PATHS = "$(inherited) @executable_path/Frameworks";
				PRODUCT_BUNDLE_IDENTIFIER = com.foe.MyMedsPlan;
				PRODUCT_NAME = "My Meds Plan";
				PROVISIONING_PROFILE = "";
				PROVISIONING_PROFILE_SPECIFIER = "";
				SWIFT_VERSION = 3.0;
			};
			name = Release;
		};
		300FC5011EE37E0F00D93A6D /* Debug */ = {
			isa = XCBuildConfiguration;
			baseConfigurationReference = 2106C14FB7F799C309D03F56 /* Pods-MyMedsPlan-iPhoneTests.debug.xcconfig */;
			buildSettings = {
				ALWAYS_EMBED_SWIFT_STANDARD_LIBRARIES = YES;
				BUNDLE_LOADER = "$(TEST_HOST)";
				DEVELOPMENT_TEAM = NNWZVWTFJB;
				INFOPLIST_FILE = "MyMedsPlan-iPhoneTests/Info.plist";
				LD_RUNPATH_SEARCH_PATHS = "$(inherited) @executable_path/Frameworks @loader_path/Frameworks";
				PRODUCT_BUNDLE_IDENTIFIER = "com.foe.MyMedsPlan.MyMedsPlan-iPhoneTests";
				PRODUCT_NAME = "$(TARGET_NAME)";
				SWIFT_VERSION = 3.0;
				TEST_HOST = "$(BUILT_PRODUCTS_DIR)/MyMedsPlan-iPhone.app/MyMedsPlan-iPhone";
			};
			name = Debug;
		};
		300FC5021EE37E0F00D93A6D /* Release */ = {
			isa = XCBuildConfiguration;
			baseConfigurationReference = 509DFCD74F97EAADB793F1AC /* Pods-MyMedsPlan-iPhoneTests.release.xcconfig */;
			buildSettings = {
				ALWAYS_EMBED_SWIFT_STANDARD_LIBRARIES = YES;
				BUNDLE_LOADER = "$(TEST_HOST)";
				DEVELOPMENT_TEAM = NNWZVWTFJB;
				INFOPLIST_FILE = "MyMedsPlan-iPhoneTests/Info.plist";
				LD_RUNPATH_SEARCH_PATHS = "$(inherited) @executable_path/Frameworks @loader_path/Frameworks";
				PRODUCT_BUNDLE_IDENTIFIER = "com.foe.MyMedsPlan.MyMedsPlan-iPhoneTests";
				PRODUCT_NAME = "$(TARGET_NAME)";
				SWIFT_VERSION = 3.0;
				TEST_HOST = "$(BUILT_PRODUCTS_DIR)/MyMedsPlan-iPhone.app/MyMedsPlan-iPhone";
			};
			name = Release;
		};
		300FC5041EE37E0F00D93A6D /* Debug */ = {
			isa = XCBuildConfiguration;
			baseConfigurationReference = A73D2E1EE9D54CF9ECF529E2 /* Pods-MyMedsPlan-iPhoneUITests.debug.xcconfig */;
			buildSettings = {
				ALWAYS_EMBED_SWIFT_STANDARD_LIBRARIES = YES;
				DEVELOPMENT_TEAM = NNWZVWTFJB;
				INFOPLIST_FILE = "MyMedsPlan-iPhoneUITests/Info.plist";
				LD_RUNPATH_SEARCH_PATHS = "$(inherited) @executable_path/Frameworks @loader_path/Frameworks";
				PRODUCT_BUNDLE_IDENTIFIER = "com.foe.MyMedsPlan.MyMedsPlan-iPhoneUITests";
				PRODUCT_NAME = "$(TARGET_NAME)";
				SWIFT_VERSION = 3.0;
				TEST_TARGET_NAME = "MyMedsPlan-iPhone";
			};
			name = Debug;
		};
		300FC5051EE37E0F00D93A6D /* Release */ = {
			isa = XCBuildConfiguration;
			baseConfigurationReference = F5E3DEA6A402005F11C3F0D0 /* Pods-MyMedsPlan-iPhoneUITests.release.xcconfig */;
			buildSettings = {
				ALWAYS_EMBED_SWIFT_STANDARD_LIBRARIES = YES;
				DEVELOPMENT_TEAM = NNWZVWTFJB;
				INFOPLIST_FILE = "MyMedsPlan-iPhoneUITests/Info.plist";
				LD_RUNPATH_SEARCH_PATHS = "$(inherited) @executable_path/Frameworks @loader_path/Frameworks";
				PRODUCT_BUNDLE_IDENTIFIER = "com.foe.MyMedsPlan.MyMedsPlan-iPhoneUITests";
				PRODUCT_NAME = "$(TARGET_NAME)";
				SWIFT_VERSION = 3.0;
				TEST_TARGET_NAME = "MyMedsPlan-iPhone";
			};
			name = Release;
		};
/* End XCBuildConfiguration section */

/* Begin XCConfigurationList section */
		300FC4D01EE37E0F00D93A6D /* Build configuration list for PBXProject "MyMedsPlan-iPhone" */ = {
			isa = XCConfigurationList;
			buildConfigurations = (
				300FC4FB1EE37E0F00D93A6D /* Debug */,
				300FC4FC1EE37E0F00D93A6D /* Release */,
			);
			defaultConfigurationIsVisible = 0;
			defaultConfigurationName = Release;
		};
		300FC4FD1EE37E0F00D93A6D /* Build configuration list for PBXNativeTarget "MyMedsPlan-iPhone" */ = {
			isa = XCConfigurationList;
			buildConfigurations = (
				300FC4FE1EE37E0F00D93A6D /* Debug */,
				300FC4FF1EE37E0F00D93A6D /* Release */,
			);
			defaultConfigurationIsVisible = 0;
			defaultConfigurationName = Release;
		};
		300FC5001EE37E0F00D93A6D /* Build configuration list for PBXNativeTarget "MyMedsPlan-iPhoneTests" */ = {
			isa = XCConfigurationList;
			buildConfigurations = (
				300FC5011EE37E0F00D93A6D /* Debug */,
				300FC5021EE37E0F00D93A6D /* Release */,
			);
			defaultConfigurationIsVisible = 0;
			defaultConfigurationName = Release;
		};
		300FC5031EE37E0F00D93A6D /* Build configuration list for PBXNativeTarget "MyMedsPlan-iPhoneUITests" */ = {
			isa = XCConfigurationList;
			buildConfigurations = (
				300FC5041EE37E0F00D93A6D /* Debug */,
				300FC5051EE37E0F00D93A6D /* Release */,
			);
			defaultConfigurationIsVisible = 0;
			defaultConfigurationName = Release;
		};
/* End XCConfigurationList section */

/* Begin XCVersionGroup section */
		30F7A2721EE4ED43002A0981 /* MyMedsPlanModel.xcdatamodeld */ = {
			isa = XCVersionGroup;
			children = (
				30FC17BD1F512CEE009A9117 /* MyMedsPlanModel-B9.xcdatamodel */,
				301AC7B31F1EF07C007D8007 /* MyMedsPlanModel-B7.xcdatamodel */,
				301BF1ED1F1735A5001E7E40 /* MyMedsPlanModel-B6.xcdatamodel */,
				30F7A2731EE4ED43002A0981 /* MyMedsPlanModel.xcdatamodel */,
			);
			currentVersion = 30FC17BD1F512CEE009A9117 /* MyMedsPlanModel-B9.xcdatamodel */;
			path = MyMedsPlanModel.xcdatamodeld;
			sourceTree = "<group>";
			versionGroupType = wrapper.xcdatamodel;
		};
/* End XCVersionGroup section */
	};
	rootObject = 300FC4CD1EE37E0F00D93A6D /* Project object */;
}
